
Microsoft Visual Studio Solution File, Format Version 12.00
# Visual Studio Version 16
VisualStudioVersion = 16.0.31729.503
MinimumVisualStudioVersion = 10.0.40219.1
Project("{FAE04EC0-301F-11D3-BF4B-00C04F79EFBC}") = "FindRoad", "FindRoad\FindRoad.csproj", "{BE203CEF-4046-493A-BB41-9F29E6A0E43D}"
EndProject
Global
	GlobalSection(SolutionConfigurationPlatforms) = preSolution
		Debug|Any CPU = Debug|Any CPU
		Release|Any CPU = Release|Any CPU
	EndGlobalSection
	GlobalSection(ProjectConfigurationPlatforms) = postSolution
		{BE203CEF-4046-493A-BB41-9F29E6A0E43D}.Debug|Any CPU.ActiveCfg = Debug|Any CPU
		{BE203CEF-4046-493A-BB41-9F29E6A0E43D}.Debug|Any CPU.Build.0 = Debug|Any CPU
		{BE203CEF-4046-493A-BB41-9F29E6A0E43D}.Release|Any CPU.ActiveCfg = Release|Any CPU
		{BE203CEF-4046-493A-BB41-9F29E6A0E43D}.Release|Any CPU.Build.0 = Release|Any CPU
	EndGlobalSection
	GlobalSection(SolutionProperties) = preSolution
		HideSolutionNode = FALSE
	EndGlobalSection
	GlobalSection(ExtensibilityGlobals) = postSolution
		SolutionGuid = {8598F9C5-701D-48F6-A939-8EA0D5EC2923}
	EndGlobalSection
EndGlobal
